// !$*UTF8*$!
{
	archiveVersion = 1;
	classes = {
	};
	objectVersion = 56;
	objects = {

/* Begin PBXBuildFile section */
		AA1000010000000000000001 /* AppDelegate.swift in Sources */ = {isa = PBXBuildFile; fileRef = AA2000010000000000000001 /* AppDelegate.swift */; };
		AA1000010000000000000002 /* PickerPanelController.swift in Sources */ = {isa = PBXBuildFile; fileRef = AA2000010000000000000002 /* PickerPanelController.swift */; };
		AA1000010000000000000003 /* SafariTabTabConstants.swift in Sources */ = {isa = PBXBuildFile; fileRef = AA2000010000000000000003 /* SafariTabTabConstants.swift */; };
		AA1000010000000000000004 /* TabHistoryModels.swift in Sources */ = {isa = PBXBuildFile; fileRef = AA2000010000000000000004 /* TabHistoryModels.swift */; };
		AA1000010000000000000010 /* TabCommandRelay.swift in Sources */ = {isa = PBXBuildFile; fileRef = AA2000010000000000000013 /* TabCommandRelay.swift */; };
		AA1000010000000000000005 /* reinstall.sh in Resources */ = {isa = PBXBuildFile; fileRef = AA2000010000000000000005 /* reinstall.sh */; };
		AA1000010000000000000006 /* Safari Tab Tab Extension.appex in Embed Foundation Extensions */ = {isa = PBXBuildFile; fileRef = AA2000010000000000000006 /* Safari Tab Tab Extension.appex */; settings = {ATTRIBUTES = (RemoveHeadersOnCopy, ); }; };
		AA1000010000000000000007 /* SafariExtensionHandler.swift in Sources */ = {isa = PBXBuildFile; fileRef = AA2000010000000000000007 /* SafariExtensionHandler.swift */; };
		AA1000010000000000000008 /* SafariTabTabConstants.swift in Sources */ = {isa = PBXBuildFile; fileRef = AA2000010000000000000003 /* SafariTabTabConstants.swift */; };
		AA1000010000000000000009 /* TabHistoryModels.swift in Sources */ = {isa = PBXBuildFile; fileRef = AA2000010000000000000004 /* TabHistoryModels.swift */; };
		AA1000010000000000000011 /* TabCommandRelay.swift in Sources */ = {isa = PBXBuildFile; fileRef = AA2000010000000000000013 /* TabCommandRelay.swift */; };
		AA100001000000000000000A /* content.js in Resources */ = {isa = PBXBuildFile; fileRef = AA200001000000000000000A /* content.js */; };
		AA100001000000000000000B /* ToolbarItemIcon.png in Resources */ = {isa = PBXBuildFile; fileRef = AA200001000000000000000B /* ToolbarItemIcon.png */; };
		AA100001000000000000000C /* HotKeyController.swift in Sources */ = {isa = PBXBuildFile; fileRef = AA200001000000000000000F /* HotKeyController.swift */; };
		AA100001000000000000000D /* Assets.xcassets in Resources */ = {isa = PBXBuildFile; fileRef = AA2000010000000000000010 /* Assets.xcassets */; };
		AA100001000000000000000E /* ToolbarItemIcon@2x.png in Resources */ = {isa = PBXBuildFile; fileRef = AA2000010000000000000011 /* ToolbarItemIcon@2x.png */; };
		AA100001000000000000000F /* ExtensionInstallGuard.swift in Sources */ = {isa = PBXBuildFile; fileRef = AA2000010000000000000012 /* ExtensionInstallGuard.swift */; };
/* End PBXBuildFile section */

/* Begin PBXContainerItemProxy section */
		AA3000010000000000000001 /* PBXContainerItemProxy */ = {
			isa = PBXContainerItemProxy;
			containerPortal = AA4000010000000000000001 /* Project object */;
			proxyType = 1;
			remoteGlobalIDString = AA5000010000000000000002;
			remoteInfo = "Safari Tab Tab Extension";
		};
/* End PBXContainerItemProxy section */

/* Begin PBXCopyFilesBuildPhase section */
		AA6000010000000000000001 /* Embed Foundation Extensions */ = {
			isa = PBXCopyFilesBuildPhase;
			buildActionMask = 2147483647;
			dstPath = "";
			dstSubfolderSpec = 13;
			files = (
				AA1000010000000000000006 /* Safari Tab Tab Extension.appex in Embed Foundation Extensions */,
			);
			name = "Embed Foundation Extensions";
			runOnlyForDeploymentPostprocessing = 0;
		};
/* End PBXCopyFilesBuildPhase section */

/* Begin PBXFileReference section */
		AA2000010000000000000001 /* AppDelegate.swift */ = {isa = PBXFileReference; lastKnownFileType = sourcecode.swift; path = AppDelegate.swift; sourceTree = "<group>"; };
		AA2000010000000000000002 /* PickerPanelController.swift */ = {isa = PBXFileReference; lastKnownFileType = sourcecode.swift; path = PickerPanelController.swift; sourceTree = "<group>"; };
		AA2000010000000000000003 /* SafariTabTabConstants.swift */ = {isa = PBXFileReference; lastKnownFileType = sourcecode.swift; path = SafariTabTabConstants.swift; sourceTree = "<group>"; };
		AA2000010000000000000004 /* TabHistoryModels.swift */ = {isa = PBXFileReference; lastKnownFileType = sourcecode.swift; path = TabHistoryModels.swift; sourceTree = "<group>"; };
		AA2000010000000000000005 /* reinstall.sh */ = {isa = PBXFileReference; lastKnownFileType = text.script.sh; path = reinstall.sh; sourceTree = "<group>"; };
		AA2000010000000000000006 /* Safari Tab Tab Extension.appex */ = {isa = PBXFileReference; explicitFileType = "wrapper.app-extension"; includeInIndex = 0; path = "Safari Tab Tab Extension.appex"; sourceTree = BUILT_PRODUCTS_DIR; };
		AA2000010000000000000007 /* SafariExtensionHandler.swift */ = {isa = PBXFileReference; lastKnownFileType = sourcecode.swift; path = SafariExtensionHandler.swift; sourceTree = "<group>"; };
		AA2000010000000000000008 /* Safari Tab Tab.app */ = {isa = PBXFileReference; explicitFileType = wrapper.application; includeInIndex = 0; path = "Safari Tab Tab.app"; sourceTree = BUILT_PRODUCTS_DIR; };
		AA2000010000000000000009 /* Info.plist */ = {isa = PBXFileReference; lastKnownFileType = text.plist.xml; path = Info.plist; sourceTree = "<group>"; };
		AA200001000000000000000A /* content.js */ = {isa = PBXFileReference; lastKnownFileType = sourcecode.javascript; path = content.js; sourceTree = "<group>"; };
		AA200001000000000000000B /* ToolbarItemIcon.png */ = {isa = PBXFileReference; lastKnownFileType = image.png; path = ToolbarItemIcon.png; sourceTree = "<group>"; };
		AA200001000000000000000C /* Info.plist */ = {isa = PBXFileReference; lastKnownFileType = text.plist.xml; path = Info.plist; sourceTree = "<group>"; };
		AA200001000000000000000D /* SafariTabTab.entitlements */ = {isa = PBXFileReference; lastKnownFileType = text.plist.entitlements; path = SafariTabTab.entitlements; sourceTree = "<group>"; };
		AA200001000000000000000E /* SafariTabTab Extension.entitlements */ = {isa = PBXFileReference; lastKnownFileType = text.plist.entitlements; path = "SafariTabTab Extension.entitlements"; sourceTree = "<group>"; };
		AA200001000000000000000F /* HotKeyController.swift */ = {isa = PBXFileReference; lastKnownFileType = sourcecode.swift; path = HotKeyController.swift; sourceTree = "<group>"; };
		AA2000010000000000000010 /* Assets.xcassets */ = {isa = PBXFileReference; lastKnownFileType = folder.assetcatalog; path = Assets.xcassets; sourceTree = "<group>"; };
		AA2000010000000000000011 /* ToolbarItemIcon@2x.png */ = {isa = PBXFileReference; lastKnownFileType = image.png; path = "ToolbarItemIcon@2x.png"; sourceTree = "<group>"; };
		AA2000010000000000000012 /* ExtensionInstallGuard.swift */ = {isa = PBXFileReference; lastKnownFileType = sourcecode.swift; path = ExtensionInstallGuard.swift; sourceTree = "<group>"; };
		AA2000010000000000000013 /* TabCommandRelay.swift */ = {isa = PBXFileReference; lastKnownFileType = sourcecode.swift; path = TabCommandRelay.swift; sourceTree = "<group>"; };
/* End PBXFileReference section */

/* Begin PBXFrameworksBuildPhase section */
		AA7000010000000000000001 /* Frameworks */ = {
			isa = PBXFrameworksBuildPhase;
			buildActionMask = 2147483647;
			files = (
			);
			runOnlyForDeploymentPostprocessing = 0;
		};
		AA7000010000000000000002 /* Frameworks */ = {
			isa = PBXFrameworksBuildPhase;
			buildActionMask = 2147483647;
			files = (
			);
			runOnlyForDeploymentPostprocessing = 0;
		};
/* End PBXFrameworksBuildPhase section */

/* Begin PBXGroup section */
		AA8000010000000000000001 = {
			isa = PBXGroup;
			children = (
				AA8000010000000000000002 /* Shared */,
				AA8000010000000000000003 /* SafariTabTab */,
				AA8000010000000000000004 /* SafariTabTab Extension */,
				AA8000010000000000000005 /* Products */,
			);
			sourceTree = "<group>";
		};
		AA8000010000000000000002 /* Shared */ = {
			isa = PBXGroup;
			children = (
				AA2000010000000000000003 /* SafariTabTabConstants.swift */,
				AA2000010000000000000004 /* TabHistoryModels.swift */,
				AA2000010000000000000013 /* TabCommandRelay.swift */,
			);
			path = Shared;
			sourceTree = "<group>";
		};
		AA8000010000000000000003 /* SafariTabTab */ = {
			isa = PBXGroup;
			children = (
				AA2000010000000000000001 /* AppDelegate.swift */,
				AA2000010000000000000002 /* PickerPanelController.swift */,
				AA200001000000000000000F /* HotKeyController.swift */,
				AA2000010000000000000012 /* ExtensionInstallGuard.swift */,
				AA2000010000000000000010 /* Assets.xcassets */,
				AA2000010000000000000009 /* Info.plist */,
				AA200001000000000000000D /* SafariTabTab.entitlements */,
				AA8000010000000000000006 /* Resources */,
			);
			path = SafariTabTab;
			sourceTree = "<group>";
		};
		AA8000010000000000000004 /* SafariTabTab Extension */ = {
			isa = PBXGroup;
			children = (
				AA2000010000000000000007 /* SafariExtensionHandler.swift */,
				AA200001000000000000000A /* content.js */,
				AA200001000000000000000B /* ToolbarItemIcon.png */,
				AA2000010000000000000011 /* ToolbarItemIcon@2x.png */,
				AA200001000000000000000C /* Info.plist */,
				AA200001000000000000000E /* SafariTabTab Extension.entitlements */,
			);
			path = "SafariTabTab Extension";
			sourceTree = "<group>";
		};
		AA8000010000000000000005 /* Products */ = {
			isa = PBXGroup;
			children = (
				AA2000010000000000000008 /* Safari Tab Tab.app */,
				AA2000010000000000000006 /* Safari Tab Tab Extension.appex */,
			);
			name = Products;
			sourceTree = "<group>";
		};
		AA8000010000000000000006 /* Resources */ = {
			isa = PBXGroup;
			children = (
				AA2000010000000000000005 /* reinstall.sh */,
			);
			path = Resources;
			sourceTree = "<group>";
		};
/* End PBXGroup section */

/* Begin PBXNativeTarget section */
		AA5000010000000000000001 /* Safari Tab Tab */ = {
			isa = PBXNativeTarget;
			buildConfigurationList = AA9000010000000000000003 /* Build configuration list for PBXNativeTarget "Safari Tab Tab" */;
			buildPhases = (
				AAA000010000000000000001 /* Sources */,
				AA7000010000000000000001 /* Frameworks */,
				AAA000010000000000000002 /* Resources */,
				AA6000010000000000000001 /* Embed Foundation Extensions */,
			);
			buildRules = (
			);
			dependencies = (
				AA5000010000000000000003 /* PBXTargetDependency */,
			);
			name = "Safari Tab Tab";
			productName = "Safari Tab Tab";
			productReference = AA2000010000000000000008 /* Safari Tab Tab.app */;
			productType = "com.apple.product-type.application";
		};
		AA5000010000000000000002 /* Safari Tab Tab Extension */ = {
			isa = PBXNativeTarget;
			buildConfigurationList = AA9000010000000000000004 /* Build configuration list for PBXNativeTarget "Safari Tab Tab Extension" */;
			buildPhases = (
				AAA000010000000000000003 /* Sources */,
				AA7000010000000000000002 /* Frameworks */,
				AAA000010000000000000004 /* Resources */,
			);
			buildRules = (
			);
			dependencies = (
			);
			name = "Safari Tab Tab Extension";
			productName = "Safari Tab Tab Extension";
			productReference = AA2000010000000000000006 /* Safari Tab Tab Extension.appex */;
			productType = "com.apple.product-type.app-extension";
		};
/* End PBXNativeTarget section */

/* Begin PBXProject section */
		AA4000010000000000000001 /* Project object */ = {
			isa = PBXProject;
			attributes = {
				BuildIndependentTargetsInParallel = 1;
				LastSwiftUpdateCheck = 2600;
				LastUpgradeCheck = 2600;
				TargetAttributes = {
					AA5000010000000000000001 = {
						CreatedOnToolsVersion = 26.0;
					};
					AA5000010000000000000002 = {
						CreatedOnToolsVersion = 26.0;
					};
				};
			};
			buildConfigurationList = AA9000010000000000000001 /* Build configuration list for PBXProject "SafariTabTab" */;
			compatibilityVersion = "Xcode 14.0";
			developmentRegion = en;
			hasScannedForEncodings = 0;
			knownRegions = (
				en,
				Base,
			);
			mainGroup = AA8000010000000000000001;
			productRefGroup = AA8000010000000000000005 /* Products */;
			projectDirPath = "";
			projectRoot = "";
			targets = (
				AA5000010000000000000001 /* Safari Tab Tab */,
				AA5000010000000000000002 /* Safari Tab Tab Extension */,
			);
		};
/* End PBXProject section */

/* Begin PBXResourcesBuildPhase section */
		AAA000010000000000000002 /* Resources */ = {
			isa = PBXResourcesBuildPhase;
			buildActionMask = 2147483647;
			files = (
				AA1000010000000000000005 /* reinstall.sh in Resources */,
				AA100001000000000000000D /* Assets.xcassets in Resources */,
			);
			runOnlyForDeploymentPostprocessing = 0;
		};
		AAA000010000000000000004 /* Resources */ = {
			isa = PBXResourcesBuildPhase;
			buildActionMask = 2147483647;
			files = (
				AA100001000000000000000A /* content.js in Resources */,
				AA100001000000000000000B /* ToolbarItemIcon.png in Resources */,
				AA100001000000000000000E /* ToolbarItemIcon@2x.png in Resources */,
			);
			runOnlyForDeploymentPostprocessing = 0;
		};
/* End PBXResourcesBuildPhase section */

/* Begin PBXSourcesBuildPhase section */
		AAA000010000000000000001 /* Sources */ = {
			isa = PBXSourcesBuildPhase;
			buildActionMask = 2147483647;
			files = (
				AA1000010000000000000001 /* AppDelegate.swift in Sources */,
				AA1000010000000000000002 /* PickerPanelController.swift in Sources */,
				AA100001000000000000000C /* HotKeyController.swift in Sources */,
				AA100001000000000000000F /* ExtensionInstallGuard.swift in Sources */,
				AA1000010000000000000003 /* SafariTabTabConstants.swift in Sources */,
				AA1000010000000000000004 /* TabHistoryModels.swift in Sources */,
				AA1000010000000000000010 /* TabCommandRelay.swift in Sources */,
			);
			runOnlyForDeploymentPostprocessing = 0;
		};
		AAA000010000000000000003 /* Sources */ = {
			isa = PBXSourcesBuildPhase;
			buildActionMask = 2147483647;
			files = (
				AA1000010000000000000007 /* SafariExtensionHandler.swift in Sources */,
				AA1000010000000000000008 /* SafariTabTabConstants.swift in Sources */,
				AA1000010000000000000009 /* TabHistoryModels.swift in Sources */,
				AA1000010000000000000011 /* TabCommandRelay.swift in Sources */,
			);
			runOnlyForDeploymentPostprocessing = 0;
		};
/* End PBXSourcesBuildPhase section */

/* Begin PBXTargetDependency section */
		AA5000010000000000000003 /* PBXTargetDependency */ = {
			isa = PBXTargetDependency;
			target = AA5000010000000000000002 /* Safari Tab Tab Extension */;
			targetProxy = AA3000010000000000000001 /* PBXContainerItemProxy */;
		};
/* End PBXTargetDependency section */

/* Begin XCBuildConfiguration section */
		AAB000010000000000000001 /* Debug */ = {
			isa = XCBuildConfiguration;
			buildSettings = {
				ALWAYS_SEARCH_USER_PATHS = NO;
				CLANG_ENABLE_MODULES = YES;
				CLANG_ENABLE_OBJC_ARC = YES;
				COPY_PHASE_STRIP = NO;
				DEBUG_INFORMATION_FORMAT = dwarf;
				ENABLE_STRICT_OBJC_MSGSEND = YES;
				GCC_DYNAMIC_NO_PIC = NO;
				GCC_OPTIMIZATION_LEVEL = 0;
				GCC_PREPROCESSOR_DEFINITIONS = (
					"DEBUG=1",
					"$(inherited)",
				);
				MACOSX_DEPLOYMENT_TARGET = 13.0;
				ONLY_ACTIVE_ARCH = YES;
				SDKROOT = macosx;
				SWIFT_ACTIVE_COMPILATION_CONDITIONS = DEBUG;
				SWIFT_OPTIMIZATION_LEVEL = "-Onone";
			};
			name = Debug;
		};
		AAB000010000000000000002 /* Release */ = {
			isa = XCBuildConfiguration;
			buildSettings = {
				ALWAYS_SEARCH_USER_PATHS = NO;
				CLANG_ENABLE_MODULES = YES;
				CLANG_ENABLE_OBJC_ARC = YES;
				COPY_PHASE_STRIP = NO;
				DEBUG_INFORMATION_FORMAT = "dwarf-with-dsym";
				ENABLE_STRICT_OBJC_MSGSEND = YES;
				MACOSX_DEPLOYMENT_TARGET = 13.0;
				SDKROOT = macosx;
				SWIFT_COMPILATION_MODE = wholemodule;
				SWIFT_OPTIMIZATION_LEVEL = "-O";
			};
			name = Release;
		};
		AAB000010000000000000003 /* Debug */ = {
			isa = XCBuildConfiguration;
			buildSettings = {
				ASSETCATALOG_COMPILER_APPICON_NAME = AppIcon;
				CODE_SIGN_ENTITLEMENTS = SafariTabTab/SafariTabTab.entitlements;
				CODE_SIGN_STYLE = Automatic;
				COMBINE_HIDPI_IMAGES = YES;
				CURRENT_PROJECT_VERSION = 1;
				DEVELOPMENT_TEAM = PT5NV88AHR;
				ENABLE_HARDENED_RUNTIME = YES;
				GENERATE_INFOPLIST_FILE = NO;
				INFOPLIST_FILE = SafariTabTab/Info.plist;
				LD_RUNPATH_SEARCH_PATHS = (
					"$(inherited)",
					"@executable_path/../Frameworks",
				);
				MARKETING_VERSION = 1.0.0;
				PRODUCT_BUNDLE_IDENTIFIER = com.1kub.safaritabtab;
				PRODUCT_NAME = "Safari Tab Tab";
				SWIFT_VERSION = 5.0;
			};
			name = Debug;
		};
		AAB000010000000000000004 /* Release */ = {
			isa = XCBuildConfiguration;
			buildSettings = {
				ASSETCATALOG_COMPILER_APPICON_NAME = AppIcon;
				CODE_SIGN_ENTITLEMENTS = SafariTabTab/SafariTabTab.entitlements;
				CODE_SIGN_STYLE = Automatic;
				COMBINE_HIDPI_IMAGES = YES;
				CURRENT_PROJECT_VERSION = 1;
				DEVELOPMENT_TEAM = PT5NV88AHR;
				ENABLE_HARDENED_RUNTIME = YES;
				GENERATE_INFOPLIST_FILE = NO;
				INFOPLIST_FILE = SafariTabTab/Info.plist;
				LD_RUNPATH_SEARCH_PATHS = (
					"$(inherited)",
					"@executable_path/../Frameworks",
				);
				MARKETING_VERSION = 1.0.0;
				PRODUCT_BUNDLE_IDENTIFIER = com.1kub.safaritabtab;
				PRODUCT_NAME = "Safari Tab Tab";
				SWIFT_VERSION = 5.0;
			};
			name = Release;
		};
		AAB000010000000000000005 /* Debug */ = {
			isa = XCBuildConfiguration;
			buildSettings = {
				CODE_SIGN_ENTITLEMENTS = "SafariTabTab Extension/SafariTabTab Extension.entitlements";
				CODE_SIGN_STYLE = Automatic;
				CURRENT_PROJECT_VERSION = 1;
				DEVELOPMENT_TEAM = PT5NV88AHR;
				GENERATE_INFOPLIST_FILE = NO;
				INFOPLIST_FILE = "SafariTabTab Extension/Info.plist";
				LD_RUNPATH_SEARCH_PATHS = (
					"$(inherited)",
					"@executable_path/../Frameworks",
					"@executable_path/../../../../Frameworks",
				);
				MARKETING_VERSION = 1.0.0;
				PRODUCT_BUNDLE_IDENTIFIER = com.1kub.safaritabtab.extension;
				PRODUCT_NAME = "Safari Tab Tab Extension";
				SKIP_INSTALL = YES;
				SWIFT_VERSION = 5.0;
			};
			name = Debug;
		};
		AAB000010000000000000006 /* Release */ = {
			isa = XCBuildConfiguration;
			buildSettings = {
				CODE_SIGN_ENTITLEMENTS = "SafariTabTab Extension/SafariTabTab Extension.entitlements";
				CODE_SIGN_STYLE = Automatic;
				CURRENT_PROJECT_VERSION = 1;
				DEVELOPMENT_TEAM = PT5NV88AHR;
				GENERATE_INFOPLIST_FILE = NO;
				INFOPLIST_FILE = "SafariTabTab Extension/Info.plist";
				LD_RUNPATH_SEARCH_PATHS = (
					"$(inherited)",
					"@executable_path/../Frameworks",
					"@executable_path/../../../../Frameworks",
				);
				MARKETING_VERSION = 1.0.0;
				PRODUCT_BUNDLE_IDENTIFIER = com.1kub.safaritabtab.extension;
				PRODUCT_NAME = "Safari Tab Tab Extension";
				SKIP_INSTALL = YES;
				SWIFT_VERSION = 5.0;
			};
			name = Release;
		};
/* End XCBuildConfiguration section */

/* Begin XCConfigurationList section */
		AA9000010000000000000001 /* Build configuration list for PBXProject "SafariTabTab" */ = {
			isa = XCConfigurationList;
			buildConfigurations = (
				AAB000010000000000000001 /* Debug */,
				AAB000010000000000000002 /* Release */,
			);
			defaultConfigurationIsVisible = 0;
			defaultConfigurationName = Release;
		};
		AA9000010000000000000003 /* Build configuration list for PBXNativeTarget "Safari Tab Tab" */ = {
			isa = XCConfigurationList;
			buildConfigurations = (
				AAB000010000000000000003 /* Debug */,
				AAB000010000000000000004 /* Release */,
			);
			defaultConfigurationIsVisible = 0;
			defaultConfigurationName = Release;
		};
		AA9000010000000000000004 /* Build configuration list for PBXNativeTarget "Safari Tab Tab Extension" */ = {
			isa = XCConfigurationList;
			buildConfigurations = (
				AAB000010000000000000005 /* Debug */,
				AAB000010000000000000006 /* Release */,
			);
			defaultConfigurationIsVisible = 0;
			defaultConfigurationName = Release;
		};
/* End XCConfigurationList section */
	};
	rootObject = AA4000010000000000000001 /* Project object */;
}
